
Microsoft Visual Studio Solution File, Format Version 12.00
# Visual Studio Version 17
VisualStudioVersion = 17.14.36603.0 d17.14
MinimumVisualStudioVersion = 10.0.40219.1
Project("{FAE04EC0-301F-11D3-BF4B-00C04F79EFBC}") = "KL47DRONE_ADMIN", "KL47DRONE_ADMIN.csproj", "{E410053A-F79C-48AD-9B0F-52A2123E27CA}"
EndProject
Global
	GlobalSection(SolutionConfigurationPlatforms) = preSolution
		Debug|Any CPU = Debug|Any CPU
		Release|Any CPU = Release|Any CPU
	EndGlobalSection
	GlobalSection(ProjectConfigurationPlatforms) = postSolution
		{E410053A-F79C-48AD-9B0F-52A2123E27CA}.Debug|Any CPU.ActiveCfg = Debug|Any CPU
		{E410053A-F79C-48AD-9B0F-52A2123E27CA}.Debug|Any CPU.Build.0 = Debug|Any CPU
		{E410053A-F79C-48AD-9B0F-52A2123E27CA}.Release|Any CPU.ActiveCfg = Release|Any CPU
		{E410053A-F79C-48AD-9B0F-52A2123E27CA}.Release|Any CPU.Build.0 = Release|Any CPU
	EndGlobalSection
	GlobalSection(SolutionProperties) = preSolution
		HideSolutionNode = FALSE
	EndGlobalSection
	GlobalSection(ExtensibilityGlobals) = postSolution
		SolutionGuid = {A73CBF86-48CF-4BB3-8804-64977D9577AB}
	EndGlobalSection
EndGlobal
